// !$*UTF8*$!
{
	archiveVersion = 1;
	classes = {
	};
	objectVersion = 50;
	objects = {

/* Begin PBXBuildFile section */
		0D001A012414E799002B67A8 /* AppDelegate.swift in Sources */ = {isa = PBXBuildFile; fileRef = 0D001A002414E799002B67A8 /* AppDelegate.swift */; };
		0D001A032414E799002B67A8 /* SceneDelegate.swift in Sources */ = {isa = PBXBuildFile; fileRef = 0D001A022414E799002B67A8 /* SceneDelegate.swift */; };
		0D001A052414E799002B67A8 /* ViewController.swift in Sources */ = {isa = PBXBuildFile; fileRef = 0D001A042414E799002B67A8 /* ViewController.swift */; };
		0D001A082414E799002B67A8 /* Main.storyboard in Resources */ = {isa = PBXBuildFile; fileRef = 0D001A062414E799002B67A8 /* Main.storyboard */; };
		0D001A0A2414E79A002B67A8 /* Assets.xcassets in Resources */ = {isa = PBXBuildFile; fileRef = 0D001A092414E79A002B67A8 /* Assets.xcassets */; };
		0D001A0D2414E79A002B67A8 /* LaunchScreen.storyboard in Resources */ = {isa = PBXBuildFile; fileRef = 0D001A0B2414E79A002B67A8 /* LaunchScreen.storyboard */; };
		0D001A152414E890002B67A8 /* batsuSound.mp3 in Resources */ = {isa = PBXBuildFile; fileRef = 0D001A142414E890002B67A8 /* batsuSound.mp3 */; };
		0D001A182414E897002B67A8 /* sound.mp3 in Resources */ = {isa = PBXBuildFile; fileRef = 0D001A162414E897002B67A8 /* sound.mp3 */; };
		0D001A192414E897002B67A8 /* maruSound.mp3 in Resources */ = {isa = PBXBuildFile; fileRef = 0D001A172414E897002B67A8 /* maruSound.mp3 */; };
		0D001A1E2414EA16002B67A8 /* NextViewController.swift in Sources */ = {isa = PBXBuildFile; fileRef = 0D001A1D2414EA16002B67A8 /* NextViewController.swift */; };
		0D001A202415E2E5002B67A8 /* ImagesModel.swift in Sources */ = {isa = PBXBuildFile; fileRef = 0D001A1F2415E2E5002B67A8 /* ImagesModel.swift */; };
		0D001A222415E5A6002B67A8 /* ImagesList.swift in Sources */ = {isa = PBXBuildFile; fileRef = 0D001A212415E5A6002B67A8 /* ImagesList.swift */; };
		0D001A2424177AE2002B67A8 /* SoundFile.swift in Sources */ = {isa = PBXBuildFile; fileRef = 0D001A2324177AE2002B67A8 /* SoundFile.swift */; };
		0D001A2624178008002B67A8 /* Animal.swift in Sources */ = {isa = PBXBuildFile; fileRef = 0D001A2524178008002B67A8 /* Animal.swift */; };
		0D001A282417803E002B67A8 /* Human.swift in Sources */ = {isa = PBXBuildFile; fileRef = 0D001A272417803E002B67A8 /* Human.swift */; };
		0D001A2A24178AA4002B67A8 /* WithOutMP3.swift in Sources */ = {isa = PBXBuildFile; fileRef = 0D001A2924178AA4002B67A8 /* WithOutMP3.swift */; };
		0D001A2C2417AAA2002B67A8 /* ChangeColor.swift in Sources */ = {isa = PBXBuildFile; fileRef = 0D001A2B2417AAA2002B67A8 /* ChangeColor.swift */; };
/* End PBXBuildFile section */

/* Begin PBXFileReference section */
		0D0019FD2414E799002B67A8 /* QuestionApp1.app */ = {isa = PBXFileReference; explicitFileType = wrapper.application; includeInIndex = 0; path = QuestionApp1.app; sourceTree = BUILT_PRODUCTS_DIR; };
		0D001A002414E799002B67A8 /* AppDelegate.swift */ = {isa = PBXFileReference; lastKnownFileType = sourcecode.swift; path = AppDelegate.swift; sourceTree = "<group>"; };
		0D001A022414E799002B67A8 /* SceneDelegate.swift */ = {isa = PBXFileReference; lastKnownFileType = sourcecode.swift; path = SceneDelegate.swift; sourceTree = "<group>"; };
		0D001A042414E799002B67A8 /* ViewController.swift */ = {isa = PBXFileReference; lastKnownFileType = sourcecode.swift; path = ViewController.swift; sourceTree = "<group>"; };
		0D001A072414E799002B67A8 /* Base */ = {isa = PBXFileReference; lastKnownFileType = file.storyboard; name = Base; path = Base.lproj/Main.storyboard; sourceTree = "<group>"; };
		0D001A092414E79A002B67A8 /* Assets.xcassets */ = {isa = PBXFileReference; lastKnownFileType = folder.assetcatalog; path = Assets.xcassets; sourceTree = "<group>"; };
		0D001A0C2414E79A002B67A8 /* Base */ = {isa = PBXFileReference; lastKnownFileType = file.storyboard; name = Base; path = Base.lproj/LaunchScreen.storyboard; sourceTree = "<group>"; };
		0D001A0E2414E79A002B67A8 /* Info.plist */ = {isa = PBXFileReference; lastKnownFileType = text.plist.xml; path = Info.plist; sourceTree = "<group>"; };
		0D001A142414E890002B67A8 /* batsuSound.mp3 */ = {isa = PBXFileReference; lastKnownFileType = audio.mp3; name = batsuSound.mp3; path = "../../../../Documents/Udemy　画像資料/QuestionApp1素材/batsuSound.mp3"; sourceTree = "<group>"; };
		0D001A162414E897002B67A8 /* sound.mp3 */ = {isa = PBXFileReference; lastKnownFileType = audio.mp3; name = sound.mp3; path = "../../../../Documents/Udemy　画像資料/QuestionApp1素材/sound.mp3"; sourceTree = "<group>"; };
		0D001A172414E897002B67A8 /* maruSound.mp3 */ = {isa = PBXFileReference; lastKnownFileType = audio.mp3; name = maruSound.mp3; path = "../../../../Documents/Udemy　画像資料/QuestionApp1素材/maruSound.mp3"; sourceTree = "<group>"; };
		0D001A1D2414EA16002B67A8 /* NextViewController.swift */ = {isa = PBXFileReference; lastKnownFileType = sourcecode.swift; path = NextViewController.swift; sourceTree = "<group>"; };
		0D001A1F2415E2E5002B67A8 /* ImagesModel.swift */ = {isa = PBXFileReference; lastKnownFileType = sourcecode.swift; path = ImagesModel.swift; sourceTree = "<group>"; };
		0D001A212415E5A6002B67A8 /* ImagesList.swift */ = {isa = PBXFileReference; lastKnownFileType = sourcecode.swift; path = ImagesList.swift; sourceTree = "<group>"; };
		0D001A2324177AE2002B67A8 /* SoundFile.swift */ = {isa = PBXFileReference; lastKnownFileType = sourcecode.swift; path = SoundFile.swift; sourceTree = "<group>"; };
		0D001A2524178008002B67A8 /* Animal.swift */ = {isa = PBXFileReference; lastKnownFileType = sourcecode.swift; path = Animal.swift; sourceTree = "<group>"; };
		0D001A272417803E002B67A8 /* Human.swift */ = {isa = PBXFileReference; lastKnownFileType = sourcecode.swift; path = Human.swift; sourceTree = "<group>"; };
		0D001A2924178AA4002B67A8 /* WithOutMP3.swift */ = {isa = PBXFileReference; lastKnownFileType = sourcecode.swift; path = WithOutMP3.swift; sourceTree = "<group>"; };
		0D001A2B2417AAA2002B67A8 /* ChangeColor.swift */ = {isa = PBXFileReference; lastKnownFileType = sourcecode.swift; path = ChangeColor.swift; sourceTree = "<group>"; };
/* End PBXFileReference section */

/* Begin PBXFrameworksBuildPhase section */
		0D0019FA2414E799002B67A8 /* Frameworks */ = {
			isa = PBXFrameworksBuildPhase;
			buildActionMask = 2147483647;
			files = (
			);
			runOnlyForDeploymentPostprocessing = 0;
		};
/* End PBXFrameworksBuildPhase section */

/* Begin PBXGroup section */
		0D0019F42414E799002B67A8 = {
			isa = PBXGroup;
			children = (
				0D0019FF2414E799002B67A8 /* QuestionApp1 */,
				0D0019FE2414E799002B67A8 /* Products */,
			);
			sourceTree = "<group>";
		};
		0D0019FE2414E799002B67A8 /* Products */ = {
			isa = PBXGroup;
			children = (
				0D0019FD2414E799002B67A8 /* QuestionApp1.app */,
			);
			name = Products;
			sourceTree = "<group>";
		};
		0D0019FF2414E799002B67A8 /* QuestionApp1 */ = {
			isa = PBXGroup;
			children = (
				0D001A1A2414E932002B67A8 /* Model */,
				0D001A1B2414E944002B67A8 /* View */,
				0D001A1C2414E959002B67A8 /* Controller */,
				0D001A0B2414E79A002B67A8 /* LaunchScreen.storyboard */,
				0D001A142414E890002B67A8 /* batsuSound.mp3 */,
				0D001A172414E897002B67A8 /* maruSound.mp3 */,
				0D001A162414E897002B67A8 /* sound.mp3 */,
				0D001A0E2414E79A002B67A8 /* Info.plist */,
			);
			path = QuestionApp1;
			sourceTree = "<group>";
		};
		0D001A1A2414E932002B67A8 /* Model */ = {
			isa = PBXGroup;
			children = (
				0D001A1F2415E2E5002B67A8 /* ImagesModel.swift */,
				0D001A212415E5A6002B67A8 /* ImagesList.swift */,
				0D001A2324177AE2002B67A8 /* SoundFile.swift */,
				0D001A2524178008002B67A8 /* Animal.swift */,
				0D001A272417803E002B67A8 /* Human.swift */,
				0D001A2924178AA4002B67A8 /* WithOutMP3.swift */,
				0D001A2B2417AAA2002B67A8 /* ChangeColor.swift */,
			);
			path = Model;
			sourceTree = "<group>";
		};
		0D001A1B2414E944002B67A8 /* View */ = {
			isa = PBXGroup;
			children = (
				0D001A062414E799002B67A8 /* Main.storyboard */,
				0D001A092414E79A002B67A8 /* Assets.xcassets */,
			);
			path = View;
			sourceTree = "<group>";
		};
		0D001A1C2414E959002B67A8 /* Controller */ = {
			isa = PBXGroup;
			children = (
				0D001A002414E799002B67A8 /* AppDelegate.swift */,
				0D001A022414E799002B67A8 /* SceneDelegate.swift */,
				0D001A042414E799002B67A8 /* ViewController.swift */,
				0D001A1D2414EA16002B67A8 /* NextViewController.swift */,
			);
			path = Controller;
			sourceTree = "<group>";
		};
/* End PBXGroup section */

/* Begin PBXNativeTarget section */
		0D0019FC2414E799002B67A8 /* QuestionApp1 */ = {
			isa = PBXNativeTarget;
			buildConfigurationList = 0D001A112414E79A002B67A8 /* Build configuration list for PBXNativeTarget "QuestionApp1" */;
			buildPhases = (
				0D0019F92414E799002B67A8 /* Sources */,
				0D0019FA2414E799002B67A8 /* Frameworks */,
				0D0019FB2414E799002B67A8 /* Resources */,
			);
			buildRules = (
			);
			dependencies = (
			);
			name = QuestionApp1;
			productName = QuestionApp1;
			productReference = 0D0019FD2414E799002B67A8 /* QuestionApp1.app */;
			productType = "com.apple.product-type.application";
		};
/* End PBXNativeTarget section */

/* Begin PBXProject section */
		0D0019F52414E799002B67A8 /* Project object */ = {
			isa = PBXProject;
			attributes = {
				LastSwiftUpdateCheck = 1130;
				LastUpgradeCheck = 1130;
				ORGANIZATIONNAME = "小川智也";
				TargetAttributes = {
					0D0019FC2414E799002B67A8 = {
						CreatedOnToolsVersion = 11.3.1;
					};
				};
			};
			buildConfigurationList = 0D0019F82414E799002B67A8 /* Build configuration list for PBXProject "QuestionApp1" */;
			compatibilityVersion = "Xcode 9.3";
			developmentRegion = en;
			hasScannedForEncodings = 0;
			knownRegions = (
				en,
				Base,
			);
			mainGroup = 0D0019F42414E799002B67A8;
			productRefGroup = 0D0019FE2414E799002B67A8 /* Products */;
			projectDirPath = "";
			projectRoot = "";
			targets = (
				0D0019FC2414E799002B67A8 /* QuestionApp1 */,
			);
		};
/* End PBXProject section */

/* Begin PBXResourcesBuildPhase section */
		0D0019FB2414E799002B67A8 /* Resources */ = {
			isa = PBXResourcesBuildPhase;
			buildActionMask = 2147483647;
			files = (
				0D001A152414E890002B67A8 /* batsuSound.mp3 in Resources */,
				0D001A0D2414E79A002B67A8 /* LaunchScreen.storyboard in Resources */,
				0D001A0A2414E79A002B67A8 /* Assets.xcassets in Resources */,
				0D001A082414E799002B67A8 /* Main.storyboard in Resources */,
				0D001A182414E897002B67A8 /* sound.mp3 in Resources */,
				0D001A192414E897002B67A8 /* maruSound.mp3 in Resources */,
			);
			runOnlyForDeploymentPostprocessing = 0;
		};
/* End PBXResourcesBuildPhase section */

/* Begin PBXSourcesBuildPhase section */
		0D0019F92414E799002B67A8 /* Sources */ = {
			isa = PBXSourcesBuildPhase;
			buildActionMask = 2147483647;
			files = (
				0D001A052414E799002B67A8 /* ViewController.swift in Sources */,
				0D001A2C2417AAA2002B67A8 /* ChangeColor.swift in Sources */,
				0D001A2624178008002B67A8 /* Animal.swift in Sources */,
				0D001A2424177AE2002B67A8 /* SoundFile.swift in Sources */,
				0D001A222415E5A6002B67A8 /* ImagesList.swift in Sources */,
				0D001A282417803E002B67A8 /* Human.swift in Sources */,
				0D001A1E2414EA16002B67A8 /* NextViewController.swift in Sources */,
				0D001A012414E799002B67A8 /* AppDelegate.swift in Sources */,
				0D001A2A24178AA4002B67A8 /* WithOutMP3.swift in Sources */,
				0D001A032414E799002B67A8 /* SceneDelegate.swift in Sources */,
				0D001A202415E2E5002B67A8 /* ImagesModel.swift in Sources */,
			);
			runOnlyForDeploymentPostprocessing = 0;
		};
/* End PBXSourcesBuildPhase section */

/* Begin PBXVariantGroup section */
		0D001A062414E799002B67A8 /* Main.storyboard */ = {
			isa = PBXVariantGroup;
			children = (
				0D001A072414E799002B67A8 /* Base */,
			);
			name = Main.storyboard;
			sourceTree = "<group>";
		};
		0D001A0B2414E79A002B67A8 /* LaunchScreen.storyboard */ = {
			isa = PBXVariantGroup;
			children = (
				0D001A0C2414E79A002B67A8 /* Base */,
			);
			name = LaunchScreen.storyboard;
			sourceTree = "<group>";
		};
/* End PBXVariantGroup section */

/* Begin XCBuildConfiguration section */
		0D001A0F2414E79A002B67A8 /* Debug */ = {
			isa = XCBuildConfiguration;
			buildSettings = {
				ALWAYS_SEARCH_USER_PATHS = NO;
				CLANG_ANALYZER_NONNULL = YES;
				CLANG_ANALYZER_NUMBER_OBJECT_CONVERSION = YES_AGGRESSIVE;
				CLANG_CXX_LANGUAGE_STANDARD = "gnu++14";
				CLANG_CXX_LIBRARY = "libc++";
				CLANG_ENABLE_MODULES = YES;
				CLANG_ENABLE_OBJC_ARC = YES;
				CLANG_ENABLE_OBJC_WEAK = YES;
				CLANG_WARN_BLOCK_CAPTURE_AUTORELEASING = YES;
				CLANG_WARN_BOOL_CONVERSION = YES;
				CLANG_WARN_COMMA = YES;
				CLANG_WARN_CONSTANT_CONVERSION = YES;
				CLANG_WARN_DEPRECATED_OBJC_IMPLEMENTATIONS = YES;
				CLANG_WARN_DIRECT_OBJC_ISA_USAGE = YES_ERROR;
				CLANG_WARN_DOCUMENTATION_COMMENTS = YES;
				CLANG_WARN_EMPTY_BODY = YES;
				CLANG_WARN_ENUM_CONVERSION = YES;
				CLANG_WARN_INFINITE_RECURSION = YES;
				CLANG_WARN_INT_CONVERSION = YES;
				CLANG_WARN_NON_LITERAL_NULL_CONVERSION = YES;
				CLANG_WARN_OBJC_IMPLICIT_RETAIN_SELF = YES;
				CLANG_WARN_OBJC_LITERAL_CONVERSION = YES;
				CLANG_WARN_OBJC_ROOT_CLASS = YES_ERROR;
				CLANG_WARN_RANGE_LOOP_ANALYSIS = YES;
				CLANG_WARN_STRICT_PROTOTYPES = YES;
				CLANG_WARN_SUSPICIOUS_MOVE = YES;
				CLANG_WARN_UNGUARDED_AVAILABILITY = YES_AGGRESSIVE;
				CLANG_WARN_UNREACHABLE_CODE = YES;
				CLANG_WARN__DUPLICATE_METHOD_MATCH = YES;
				COPY_PHASE_STRIP = NO;
				DEBUG_INFORMATION_FORMAT = dwarf;
				ENABLE_STRICT_OBJC_MSGSEND = YES;
				ENABLE_TESTABILITY = YES;
				GCC_C_LANGUAGE_STANDARD = gnu11;
				GCC_DYNAMIC_NO_PIC = NO;
				GCC_NO_COMMON_BLOCKS = YES;
				GCC_OPTIMIZATION_LEVEL = 0;
				GCC_PREPROCESSOR_DEFINITIONS = (
					"DEBUG=1",
					"$(inherited)",
				);
				GCC_WARN_64_TO_32_BIT_CONVERSION = YES;
				GCC_WARN_ABOUT_RETURN_TYPE = YES_ERROR;
				GCC_WARN_UNDECLARED_SELECTOR = YES;
				GCC_WARN_UNINITIALIZED_AUTOS = YES_AGGRESSIVE;
				GCC_WARN_UNUSED_FUNCTION = YES;
				GCC_WARN_UNUSED_VARIABLE = YES;
				IPHONEOS_DEPLOYMENT_TARGET = 13.2;
				MTL_ENABLE_DEBUG_INFO = INCLUDE_SOURCE;
				MTL_FAST_MATH = YES;
				ONLY_ACTIVE_ARCH = YES;
				SDKROOT = iphoneos;
				SWIFT_ACTIVE_COMPILATION_CONDITIONS = DEBUG;
				SWIFT_OPTIMIZATION_LEVEL = "-Onone";
			};
			name = Debug;
		};
		0D001A102414E79A002B67A8 /* Release */ = {
			isa = XCBuildConfiguration;
			buildSettings = {
				ALWAYS_SEARCH_USER_PATHS = NO;
				CLANG_ANALYZER_NONNULL = YES;
				CLANG_ANALYZER_NUMBER_OBJECT_CONVERSION = YES_AGGRESSIVE;
				CLANG_CXX_LANGUAGE_STANDARD = "gnu++14";
				CLANG_CXX_LIBRARY = "libc++";
				CLANG_ENABLE_MODULES = YES;
				CLANG_ENABLE_OBJC_ARC = YES;
				CLANG_ENABLE_OBJC_WEAK = YES;
				CLANG_WARN_BLOCK_CAPTURE_AUTORELEASING = YES;
				CLANG_WARN_BOOL_CONVERSION = YES;
				CLANG_WARN_COMMA = YES;
				CLANG_WARN_CONSTANT_CONVERSION = YES;
				CLANG_WARN_DEPRECATED_OBJC_IMPLEMENTATIONS = YES;
				CLANG_WARN_DIRECT_OBJC_ISA_USAGE = YES_ERROR;
				CLANG_WARN_DOCUMENTATION_COMMENTS = YES;
				CLANG_WARN_EMPTY_BODY = YES;
				CLANG_WARN_ENUM_CONVERSION = YES;
				CLANG_WARN_INFINITE_RECURSION = YES;
				CLANG_WARN_INT_CONVERSION = YES;
				CLANG_WARN_NON_LITERAL_NULL_CONVERSION = YES;
				CLANG_WARN_OBJC_IMPLICIT_RETAIN_SELF = YES;
				CLANG_WARN_OBJC_LITERAL_CONVERSION = YES;
				CLANG_WARN_OBJC_ROOT_CLASS = YES_ERROR;
				CLANG_WARN_RANGE_LOOP_ANALYSIS = YES;
				CLANG_WARN_STRICT_PROTOTYPES = YES;
				CLANG_WARN_SUSPICIOUS_MOVE = YES;
				CLANG_WARN_UNGUARDED_AVAILABILITY = YES_AGGRESSIVE;
				CLANG_WARN_UNREACHABLE_CODE = YES;
				CLANG_WARN__DUPLICATE_METHOD_MATCH = YES;
				COPY_PHASE_STRIP = NO;
				DEBUG_INFORMATION_FORMAT = "dwarf-with-dsym";
				ENABLE_NS_ASSERTIONS = NO;
				ENABLE_STRICT_OBJC_MSGSEND = YES;
				GCC_C_LANGUAGE_STANDARD = gnu11;
				GCC_NO_COMMON_BLOCKS = YES;
				GCC_WARN_64_TO_32_BIT_CONVERSION = YES;
				GCC_WARN_ABOUT_RETURN_TYPE = YES_ERROR;
				GCC_WARN_UNDECLARED_SELECTOR = YES;
				GCC_WARN_UNINITIALIZED_AUTOS = YES_AGGRESSIVE;
				GCC_WARN_UNUSED_FUNCTION = YES;
				GCC_WARN_UNUSED_VARIABLE = YES;
				IPHONEOS_DEPLOYMENT_TARGET = 13.2;
				MTL_ENABLE_DEBUG_INFO = NO;
				MTL_FAST_MATH = YES;
				SDKROOT = iphoneos;
				SWIFT_COMPILATION_MODE = wholemodule;
				SWIFT_OPTIMIZATION_LEVEL = "-O";
				VALIDATE_PRODUCT = YES;
			};
			name = Release;
		};
		0D001A122414E79A002B67A8 /* Debug */ = {
			isa = XCBuildConfiguration;
			buildSettings = {
				ASSETCATALOG_COMPILER_APPICON_NAME = AppIcon;
				CODE_SIGN_STYLE = Automatic;
				DEVELOPMENT_TEAM = R8SWZM57QR;
				INFOPLIST_FILE = QuestionApp1/Info.plist;
				LD_RUNPATH_SEARCH_PATHS = (
					"$(inherited)",
					"@executable_path/Frameworks",
				);
				PRODUCT_BUNDLE_IDENTIFIER = com.tomoya.QuestionApp1;
				PRODUCT_NAME = "$(TARGET_NAME)";
				SWIFT_VERSION = 5.0;
				TARGETED_DEVICE_FAMILY = 1;
			};
			name = Debug;
		};
		0D001A132414E79A002B67A8 /* Release */ = {
			isa = XCBuildConfiguration;
			buildSettings = {
				ASSETCATALOG_COMPILER_APPICON_NAME = AppIcon;
				CODE_SIGN_STYLE = Automatic;
				DEVELOPMENT_TEAM = R8SWZM57QR;
				INFOPLIST_FILE = QuestionApp1/Info.plist;
				LD_RUNPATH_SEARCH_PATHS = (
					"$(inherited)",
					"@executable_path/Frameworks",
				);
				PRODUCT_BUNDLE_IDENTIFIER = com.tomoya.QuestionApp1;
				PRODUCT_NAME = "$(TARGET_NAME)";
				SWIFT_VERSION = 5.0;
				TARGETED_DEVICE_FAMILY = 1;
			};
			name = Release;
		};
/* End XCBuildConfiguration section */

/* Begin XCConfigurationList section */
		0D0019F82414E799002B67A8 /* Build configuration list for PBXProject "QuestionApp1" */ = {
			isa = XCConfigurationList;
			buildConfigurations = (
				0D001A0F2414E79A002B67A8 /* Debug */,
				0D001A102414E79A002B67A8 /* Release */,
			);
			defaultConfigurationIsVisible = 0;
			defaultConfigurationName = Release;
		};
		0D001A112414E79A002B67A8 /* Build configuration list for PBXNativeTarget "QuestionApp1" */ = {
			isa = XCConfigurationList;
			buildConfigurations = (
				0D001A122414E79A002B67A8 /* Debug */,
				0D001A132414E79A002B67A8 /* Release */,
			);
			defaultConfigurationIsVisible = 0;
			defaultConfigurationName = Release;
		};
/* End XCConfigurationList section */
	};
	rootObject = 0D0019F52414E799002B67A8 /* Project object */;
}
